// !$*UTF8*$!
{
	archiveVersion = 1;
	classes = {
	};
	objectVersion = 55;
	objects = {

/* Begin PBXBuildFile section */
		8B6B4DA9276F6427005E7D1F /* ProductInfo.swift in Sources */ = {isa = PBXBuildFile; fileRef = 8B6B4DA8276F6427005E7D1F /* ProductInfo.swift */; };
		8B6B4DAB276F643F005E7D1F /* Purchase.swift in Sources */ = {isa = PBXBuildFile; fileRef = 8B6B4DAA276F643F005E7D1F /* Purchase.swift */; };
		8B6B4DAD276F644F005E7D1F /* CancelOrder.swift in Sources */ = {isa = PBXBuildFile; fileRef = 8B6B4DAC276F644F005E7D1F /* CancelOrder.swift */; };
		8B8B88632767602500F13FEF /* NetworkLayerApp.swift in Sources */ = {isa = PBXBuildFile; fileRef = 8B8B88622767602500F13FEF /* NetworkLayerApp.swift */; };
		8B8B88652767602500F13FEF /* ContentView.swift in Sources */ = {isa = PBXBuildFile; fileRef = 8B8B88642767602500F13FEF /* ContentView.swift */; };
		8B8B88672767602700F13FEF /* Assets.xcassets in Resources */ = {isa = PBXBuildFile; fileRef = 8B8B88662767602700F13FEF /* Assets.xcassets */; };
		8B8B886A2767602700F13FEF /* Preview Assets.xcassets in Resources */ = {isa = PBXBuildFile; fileRef = 8B8B88692767602700F13FEF /* Preview Assets.xcassets */; };
		8B8B88732767608100F13FEF /* Requestable.swift in Sources */ = {isa = PBXBuildFile; fileRef = 8B8B88722767608100F13FEF /* Requestable.swift */; };
		8B8B8875276760A800F13FEF /* NativeRequestable.swift in Sources */ = {isa = PBXBuildFile; fileRef = 8B8B8874276760A800F13FEF /* NativeRequestable.swift */; };
		8B8B8877276760D500F13FEF /* NetworkRequest.swift in Sources */ = {isa = PBXBuildFile; fileRef = 8B8B8876276760D500F13FEF /* NetworkRequest.swift */; };
		8B8B88792767611D00F13FEF /* Endpoint.swift in Sources */ = {isa = PBXBuildFile; fileRef = 8B8B88782767611D00F13FEF /* Endpoint.swift */; };
		8B8B887B2767615F00F13FEF /* Environment.swift in Sources */ = {isa = PBXBuildFile; fileRef = 8B8B887A2767615F00F13FEF /* Environment.swift */; };
		8B8B887D2767619B00F13FEF /* PurchaseService.swift in Sources */ = {isa = PBXBuildFile; fileRef = 8B8B887C2767619B00F13FEF /* PurchaseService.swift */; };
/* End PBXBuildFile section */

/* Begin PBXFileReference section */
		8B6B4DA8276F6427005E7D1F /* ProductInfo.swift */ = {isa = PBXFileReference; lastKnownFileType = sourcecode.swift; path = ProductInfo.swift; sourceTree = "<group>"; };
		8B6B4DAA276F643F005E7D1F /* Purchase.swift */ = {isa = PBXFileReference; lastKnownFileType = sourcecode.swift; path = Purchase.swift; sourceTree = "<group>"; };
		8B6B4DAC276F644F005E7D1F /* CancelOrder.swift */ = {isa = PBXFileReference; lastKnownFileType = sourcecode.swift; path = CancelOrder.swift; sourceTree = "<group>"; };
		8B8B885F2767602500F13FEF /* NetworkLayer.app */ = {isa = PBXFileReference; explicitFileType = wrapper.application; includeInIndex = 0; path = NetworkLayer.app; sourceTree = BUILT_PRODUCTS_DIR; };
		8B8B88622767602500F13FEF /* NetworkLayerApp.swift */ = {isa = PBXFileReference; lastKnownFileType = sourcecode.swift; path = NetworkLayerApp.swift; sourceTree = "<group>"; };
		8B8B88642767602500F13FEF /* ContentView.swift */ = {isa = PBXFileReference; lastKnownFileType = sourcecode.swift; path = ContentView.swift; sourceTree = "<group>"; };
		8B8B88662767602700F13FEF /* Assets.xcassets */ = {isa = PBXFileReference; lastKnownFileType = folder.assetcatalog; path = Assets.xcassets; sourceTree = "<group>"; };
		8B8B88692767602700F13FEF /* Preview Assets.xcassets */ = {isa = PBXFileReference; lastKnownFileType = folder.assetcatalog; path = "Preview Assets.xcassets"; sourceTree = "<group>"; };
		8B8B88722767608100F13FEF /* Requestable.swift */ = {isa = PBXFileReference; lastKnownFileType = sourcecode.swift; path = Requestable.swift; sourceTree = "<group>"; };
		8B8B8874276760A800F13FEF /* NativeRequestable.swift */ = {isa = PBXFileReference; lastKnownFileType = sourcecode.swift; path = NativeRequestable.swift; sourceTree = "<group>"; };
		8B8B8876276760D500F13FEF /* NetworkRequest.swift */ = {isa = PBXFileReference; lastKnownFileType = sourcecode.swift; path = NetworkRequest.swift; sourceTree = "<group>"; };
		8B8B88782767611D00F13FEF /* Endpoint.swift */ = {isa = PBXFileReference; lastKnownFileType = sourcecode.swift; path = Endpoint.swift; sourceTree = "<group>"; };
		8B8B887A2767615F00F13FEF /* Environment.swift */ = {isa = PBXFileReference; lastKnownFileType = sourcecode.swift; path = Environment.swift; sourceTree = "<group>"; };
		8B8B887C2767619B00F13FEF /* PurchaseService.swift */ = {isa = PBXFileReference; lastKnownFileType = sourcecode.swift; path = PurchaseService.swift; sourceTree = "<group>"; };
/* End PBXFileReference section */

/* Begin PBXFrameworksBuildPhase section */
		8B8B885C2767602500F13FEF /* Frameworks */ = {
			isa = PBXFrameworksBuildPhase;
			buildActionMask = 2147483647;
			files = (
			);
			runOnlyForDeploymentPostprocessing = 0;
		};
/* End PBXFrameworksBuildPhase section */

/* Begin PBXGroup section */
		8B6B4DA7276F63F0005E7D1F /* Dto */ = {
			isa = PBXGroup;
			children = (
				8B6B4DA8276F6427005E7D1F /* ProductInfo.swift */,
				8B6B4DAA276F643F005E7D1F /* Purchase.swift */,
				8B6B4DAC276F644F005E7D1F /* CancelOrder.swift */,
			);
			path = Dto;
			sourceTree = "<group>";
		};
		8B8B88562767602500F13FEF = {
			isa = PBXGroup;
			children = (
				8B8B88612767602500F13FEF /* NetworkLayer */,
				8B8B88602767602500F13FEF /* Products */,
			);
			sourceTree = "<group>";
		};
		8B8B88602767602500F13FEF /* Products */ = {
			isa = PBXGroup;
			children = (
				8B8B885F2767602500F13FEF /* NetworkLayer.app */,
			);
			name = Products;
			sourceTree = "<group>";
		};
		8B8B88612767602500F13FEF /* NetworkLayer */ = {
			isa = PBXGroup;
			children = (
				8B8B88712767606C00F13FEF /* network */,
				8B8B88622767602500F13FEF /* NetworkLayerApp.swift */,
				8B8B88642767602500F13FEF /* ContentView.swift */,
				8B8B88662767602700F13FEF /* Assets.xcassets */,
				8B8B88682767602700F13FEF /* Preview Content */,
			);
			path = NetworkLayer;
			sourceTree = "<group>";
		};
		8B8B88682767602700F13FEF /* Preview Content */ = {
			isa = PBXGroup;
			children = (
				8B8B88692767602700F13FEF /* Preview Assets.xcassets */,
			);
			path = "Preview Content";
			sourceTree = "<group>";
		};
		8B8B88712767606C00F13FEF /* network */ = {
			isa = PBXGroup;
			children = (
				8B6B4DA7276F63F0005E7D1F /* Dto */,
				8B8B88722767608100F13FEF /* Requestable.swift */,
				8B8B8874276760A800F13FEF /* NativeRequestable.swift */,
				8B8B8876276760D500F13FEF /* NetworkRequest.swift */,
				8B8B88782767611D00F13FEF /* Endpoint.swift */,
				8B8B887A2767615F00F13FEF /* Environment.swift */,
				8B8B887C2767619B00F13FEF /* PurchaseService.swift */,
			);
			path = network;
			sourceTree = "<group>";
		};
/* End PBXGroup section */

/* Begin PBXNativeTarget section */
		8B8B885E2767602500F13FEF /* NetworkLayer */ = {
			isa = PBXNativeTarget;
			buildConfigurationList = 8B8B886D2767602700F13FEF /* Build configuration list for PBXNativeTarget "NetworkLayer" */;
			buildPhases = (
				8B8B885B2767602500F13FEF /* Sources */,
				8B8B885C2767602500F13FEF /* Frameworks */,
				8B8B885D2767602500F13FEF /* Resources */,
			);
			buildRules = (
			);
			dependencies = (
			);
			name = NetworkLayer;
			productName = NetworkLayer;
			productReference = 8B8B885F2767602500F13FEF /* NetworkLayer.app */;
			productType = "com.apple.product-type.application";
		};
/* End PBXNativeTarget section */

/* Begin PBXProject section */
		8B8B88572767602500F13FEF /* Project object */ = {
			isa = PBXProject;
			attributes = {
				BuildIndependentTargetsInParallel = 1;
				LastSwiftUpdateCheck = 1310;
				LastUpgradeCheck = 1310;
				TargetAttributes = {
					8B8B885E2767602500F13FEF = {
						CreatedOnToolsVersion = 13.1;
					};
				};
			};
			buildConfigurationList = 8B8B885A2767602500F13FEF /* Build configuration list for PBXProject "NetworkLayer" */;
			compatibilityVersion = "Xcode 13.0";
			developmentRegion = en;
			hasScannedForEncodings = 0;
			knownRegions = (
				en,
				Base,
			);
			mainGroup = 8B8B88562767602500F13FEF;
			productRefGroup = 8B8B88602767602500F13FEF /* Products */;
			projectDirPath = "";
			projectRoot = "";
			targets = (
				8B8B885E2767602500F13FEF /* NetworkLayer */,
			);
		};
/* End PBXProject section */

/* Begin PBXResourcesBuildPhase section */
		8B8B885D2767602500F13FEF /* Resources */ = {
			isa = PBXResourcesBuildPhase;
			buildActionMask = 2147483647;
			files = (
				8B8B886A2767602700F13FEF /* Preview Assets.xcassets in Resources */,
				8B8B88672767602700F13FEF /* Assets.xcassets in Resources */,
			);
			runOnlyForDeploymentPostprocessing = 0;
		};
/* End PBXResourcesBuildPhase section */

/* Begin PBXSourcesBuildPhase section */
		8B8B885B2767602500F13FEF /* Sources */ = {
			isa = PBXSourcesBuildPhase;
			buildActionMask = 2147483647;
			files = (
				8B8B88732767608100F13FEF /* Requestable.swift in Sources */,
				8B8B88652767602500F13FEF /* ContentView.swift in Sources */,
				8B8B8875276760A800F13FEF /* NativeRequestable.swift in Sources */,
				8B6B4DA9276F6427005E7D1F /* ProductInfo.swift in Sources */,
				8B8B887B2767615F00F13FEF /* Environment.swift in Sources */,
				8B8B887D2767619B00F13FEF /* PurchaseService.swift in Sources */,
				8B6B4DAB276F643F005E7D1F /* Purchase.swift in Sources */,
				8B8B88632767602500F13FEF /* NetworkLayerApp.swift in Sources */,
				8B8B88792767611D00F13FEF /* Endpoint.swift in Sources */,
				8B8B8877276760D500F13FEF /* NetworkRequest.swift in Sources */,
				8B6B4DAD276F644F005E7D1F /* CancelOrder.swift in Sources */,
			);
			runOnlyForDeploymentPostprocessing = 0;
		};
/* End PBXSourcesBuildPhase section */

/* Begin XCBuildConfiguration section */
		8B8B886B2767602700F13FEF /* Debug */ = {
			isa = XCBuildConfiguration;
			buildSettings = {
				ALWAYS_SEARCH_USER_PATHS = NO;
				CLANG_ANALYZER_NONNULL = YES;
				CLANG_ANALYZER_NUMBER_OBJECT_CONVERSION = YES_AGGRESSIVE;
				CLANG_CXX_LANGUAGE_STANDARD = "gnu++17";
				CLANG_CXX_LIBRARY = "libc++";
				CLANG_ENABLE_MODULES = YES;
				CLANG_ENABLE_OBJC_ARC = YES;
				CLANG_ENABLE_OBJC_WEAK = YES;
				CLANG_WARN_BLOCK_CAPTURE_AUTORELEASING = YES;
				CLANG_WARN_BOOL_CONVERSION = YES;
				CLANG_WARN_COMMA = YES;
				CLANG_WARN_CONSTANT_CONVERSION = YES;
				CLANG_WARN_DEPRECATED_OBJC_IMPLEMENTATIONS = YES;
				CLANG_WARN_DIRECT_OBJC_ISA_USAGE = YES_ERROR;
				CLANG_WARN_DOCUMENTATION_COMMENTS = YES;
				CLANG_WARN_EMPTY_BODY = YES;
				CLANG_WARN_ENUM_CONVERSION = YES;
				CLANG_WARN_INFINITE_RECURSION = YES;
				CLANG_WARN_INT_CONVERSION = YES;
				CLANG_WARN_NON_LITERAL_NULL_CONVERSION = YES;
				CLANG_WARN_OBJC_IMPLICIT_RETAIN_SELF = YES;
				CLANG_WARN_OBJC_LITERAL_CONVERSION = YES;
				CLANG_WARN_OBJC_ROOT_CLASS = YES_ERROR;
				CLANG_WARN_QUOTED_INCLUDE_IN_FRAMEWORK_HEADER = YES;
				CLANG_WARN_RANGE_LOOP_ANALYSIS = YES;
				CLANG_WARN_STRICT_PROTOTYPES = YES;
				CLANG_WARN_SUSPICIOUS_MOVE = YES;
				CLANG_WARN_UNGUARDED_AVAILABILITY = YES_AGGRESSIVE;
				CLANG_WARN_UNREACHABLE_CODE = YES;
				CLANG_WARN__DUPLICATE_METHOD_MATCH = YES;
				COPY_PHASE_STRIP = NO;
				DEBUG_INFORMATION_FORMAT = dwarf;
				ENABLE_STRICT_OBJC_MSGSEND = YES;
				ENABLE_TESTABILITY = YES;
				GCC_C_LANGUAGE_STANDARD = gnu11;
				GCC_DYNAMIC_NO_PIC = NO;
				GCC_NO_COMMON_BLOCKS = YES;
				GCC_OPTIMIZATION_LEVEL = 0;
				GCC_PREPROCESSOR_DEFINITIONS = (
					"DEBUG=1",
					"$(inherited)",
				);
				GCC_WARN_64_TO_32_BIT_CONVERSION = YES;
				GCC_WARN_ABOUT_RETURN_TYPE = YES_ERROR;
				GCC_WARN_UNDECLARED_SELECTOR = YES;
				GCC_WARN_UNINITIALIZED_AUTOS = YES_AGGRESSIVE;
				GCC_WARN_UNUSED_FUNCTION = YES;
				GCC_WARN_UNUSED_VARIABLE = YES;
				IPHONEOS_DEPLOYMENT_TARGET = 15.0;
				MTL_ENABLE_DEBUG_INFO = INCLUDE_SOURCE;
				MTL_FAST_MATH = YES;
				ONLY_ACTIVE_ARCH = YES;
				SDKROOT = iphoneos;
				SWIFT_ACTIVE_COMPILATION_CONDITIONS = DEBUG;
				SWIFT_OPTIMIZATION_LEVEL = "-Onone";
			};
			name = Debug;
		};
		8B8B886C2767602700F13FEF /* Release */ = {
			isa = XCBuildConfiguration;
			buildSettings = {
				ALWAYS_SEARCH_USER_PATHS = NO;
				CLANG_ANALYZER_NONNULL = YES;
				CLANG_ANALYZER_NUMBER_OBJECT_CONVERSION = YES_AGGRESSIVE;
				CLANG_CXX_LANGUAGE_STANDARD = "gnu++17";
				CLANG_CXX_LIBRARY = "libc++";
				CLANG_ENABLE_MODULES = YES;
				CLANG_ENABLE_OBJC_ARC = YES;
				CLANG_ENABLE_OBJC_WEAK = YES;
				CLANG_WARN_BLOCK_CAPTURE_AUTORELEASING = YES;
				CLANG_WARN_BOOL_CONVERSION = YES;
				CLANG_WARN_COMMA = YES;
				CLANG_WARN_CONSTANT_CONVERSION = YES;
				CLANG_WARN_DEPRECATED_OBJC_IMPLEMENTATIONS = YES;
				CLANG_WARN_DIRECT_OBJC_ISA_USAGE = YES_ERROR;
				CLANG_WARN_DOCUMENTATION_COMMENTS = YES;
				CLANG_WARN_EMPTY_BODY = YES;
				CLANG_WARN_ENUM_CONVERSION = YES;
				CLANG_WARN_INFINITE_RECURSION = YES;
				CLANG_WARN_INT_CONVERSION = YES;
				CLANG_WARN_NON_LITERAL_NULL_CONVERSION = YES;
				CLANG_WARN_OBJC_IMPLICIT_RETAIN_SELF = YES;
				CLANG_WARN_OBJC_LITERAL_CONVERSION = YES;
				CLANG_WARN_OBJC_ROOT_CLASS = YES_ERROR;
				CLANG_WARN_QUOTED_INCLUDE_IN_FRAMEWORK_HEADER = YES;
				CLANG_WARN_RANGE_LOOP_ANALYSIS = YES;
				CLANG_WARN_STRICT_PROTOTYPES = YES;
				CLANG_WARN_SUSPICIOUS_MOVE = YES;
				CLANG_WARN_UNGUARDED_AVAILABILITY = YES_AGGRESSIVE;
				CLANG_WARN_UNREACHABLE_CODE = YES;
				CLANG_WARN__DUPLICATE_METHOD_MATCH = YES;
				COPY_PHASE_STRIP = NO;
				DEBUG_INFORMATION_FORMAT = "dwarf-with-dsym";
				ENABLE_NS_ASSERTIONS = NO;
				ENABLE_STRICT_OBJC_MSGSEND = YES;
				GCC_C_LANGUAGE_STANDARD = gnu11;
				GCC_NO_COMMON_BLOCKS = YES;
				GCC_WARN_64_TO_32_BIT_CONVERSION = YES;
				GCC_WARN_ABOUT_RETURN_TYPE = YES_ERROR;
				GCC_WARN_UNDECLARED_SELECTOR = YES;
				GCC_WARN_UNINITIALIZED_AUTOS = YES_AGGRESSIVE;
				GCC_WARN_UNUSED_FUNCTION = YES;
				GCC_WARN_UNUSED_VARIABLE = YES;
				IPHONEOS_DEPLOYMENT_TARGET = 15.0;
				MTL_ENABLE_DEBUG_INFO = NO;
				MTL_FAST_MATH = YES;
				SDKROOT = iphoneos;
				SWIFT_COMPILATION_MODE = wholemodule;
				SWIFT_OPTIMIZATION_LEVEL = "-O";
				VALIDATE_PRODUCT = YES;
			};
			name = Release;
		};
		8B8B886E2767602700F13FEF /* Debug */ = {
			isa = XCBuildConfiguration;
			buildSettings = {
				ASSETCATALOG_COMPILER_APPICON_NAME = AppIcon;
				ASSETCATALOG_COMPILER_GLOBAL_ACCENT_COLOR_NAME = AccentColor;
				CODE_SIGN_STYLE = Automatic;
				CURRENT_PROJECT_VERSION = 1;
				DEVELOPMENT_ASSET_PATHS = "\"NetworkLayer/Preview Content\"";
				ENABLE_PREVIEWS = YES;
				GENERATE_INFOPLIST_FILE = YES;
				INFOPLIST_KEY_UIApplicationSceneManifest_Generation = YES;
				INFOPLIST_KEY_UIApplicationSupportsIndirectInputEvents = YES;
				INFOPLIST_KEY_UILaunchScreen_Generation = YES;
				INFOPLIST_KEY_UISupportedInterfaceOrientations_iPad = "UIInterfaceOrientationPortrait UIInterfaceOrientationPortraitUpsideDown UIInterfaceOrientationLandscapeLeft UIInterfaceOrientationLandscapeRight";
				INFOPLIST_KEY_UISupportedInterfaceOrientations_iPhone = "UIInterfaceOrientationPortrait UIInterfaceOrientationLandscapeLeft UIInterfaceOrientationLandscapeRight";
				LD_RUNPATH_SEARCH_PATHS = (
					"$(inherited)",
					"@executable_path/Frameworks",
				);
				MARKETING_VERSION = 1.0;
				PRODUCT_BUNDLE_IDENTIFIER = fytx.com.NetworkLayer;
				PRODUCT_NAME = "$(TARGET_NAME)";
				SWIFT_EMIT_LOC_STRINGS = YES;
				SWIFT_VERSION = 5.0;
				TARGETED_DEVICE_FAMILY = "1,2";
			};
			name = Debug;
		};
		8B8B886F2767602700F13FEF /* Release */ = {
			isa = XCBuildConfiguration;
			buildSettings = {
				ASSETCATALOG_COMPILER_APPICON_NAME = AppIcon;
				ASSETCATALOG_COMPILER_GLOBAL_ACCENT_COLOR_NAME = AccentColor;
				CODE_SIGN_STYLE = Automatic;
				CURRENT_PROJECT_VERSION = 1;
				DEVELOPMENT_ASSET_PATHS = "\"NetworkLayer/Preview Content\"";
				ENABLE_PREVIEWS = YES;
				GENERATE_INFOPLIST_FILE = YES;
				INFOPLIST_KEY_UIApplicationSceneManifest_Generation = YES;
				INFOPLIST_KEY_UIApplicationSupportsIndirectInputEvents = YES;
				INFOPLIST_KEY_UILaunchScreen_Generation = YES;
				INFOPLIST_KEY_UISupportedInterfaceOrientations_iPad = "UIInterfaceOrientationPortrait UIInterfaceOrientationPortraitUpsideDown UIInterfaceOrientationLandscapeLeft UIInterfaceOrientationLandscapeRight";
				INFOPLIST_KEY_UISupportedInterfaceOrientations_iPhone = "UIInterfaceOrientationPortrait UIInterfaceOrientationLandscapeLeft UIInterfaceOrientationLandscapeRight";
				LD_RUNPATH_SEARCH_PATHS = (
					"$(inherited)",
					"@executable_path/Frameworks",
				);
				MARKETING_VERSION = 1.0;
				PRODUCT_BUNDLE_IDENTIFIER = fytx.com.NetworkLayer;
				PRODUCT_NAME = "$(TARGET_NAME)";
				SWIFT_EMIT_LOC_STRINGS = YES;
				SWIFT_VERSION = 5.0;
				TARGETED_DEVICE_FAMILY = "1,2";
			};
			name = Release;
		};
/* End XCBuildConfiguration section */

/* Begin XCConfigurationList section */
		8B8B885A2767602500F13FEF /* Build configuration list for PBXProject "NetworkLayer" */ = {
			isa = XCConfigurationList;
			buildConfigurations = (
				8B8B886B2767602700F13FEF /* Debug */,
				8B8B886C2767602700F13FEF /* Release */,
			);
			defaultConfigurationIsVisible = 0;
			defaultConfigurationName = Release;
		};
		8B8B886D2767602700F13FEF /* Build configuration list for PBXNativeTarget "NetworkLayer" */ = {
			isa = XCConfigurationList;
			buildConfigurations = (
				8B8B886E2767602700F13FEF /* Debug */,
				8B8B886F2767602700F13FEF /* Release */,
			);
			defaultConfigurationIsVisible = 0;
			defaultConfigurationName = Release;
		};
/* End XCConfigurationList section */
	};
	rootObject = 8B8B88572767602500F13FEF /* Project object */;
}
